
Microsoft Visual Studio Solution File, Format Version 12.00
# Visual Studio Version 16
VisualStudioVersion = 16.0.30717.126
MinimumVisualStudioVersion = 10.0.40219.1
Project("{9A19103F-16F7-4668-BE54-9A1E7A4F7556}") = "$PROJECT_NAME$", "src\libs\$PROJECT_NAME$\$PROJECT_NAME$.csproj", "{8C39C5CD-A8D1-4528-9FCE-0190BD515466}"
EndProject
Global
	GlobalSection(SolutionConfigurationPlatforms) = preSolution
		Debug|Any CPU = Debug|Any CPU
		Release|Any CPU = Release|Any CPU
	EndGlobalSection
	GlobalSection(ProjectConfigurationPlatforms) = postSolution
		{8C39C5CD-A8D1-4528-9FCE-0190BD515466}.Debug|Any CPU.ActiveCfg = Debug|Any CPU
		{8C39C5CD-A8D1-4528-9FCE-0190BD515466}.Debug|Any CPU.Build.0 = Debug|Any CPU
		{8C39C5CD-A8D1-4528-9FCE-0190BD515466}.Release|Any CPU.ActiveCfg = Release|Any CPU
		{8C39C5CD-A8D1-4528-9FCE-0190BD515466}.Release|Any CPU.Build.0 = Release|Any CPU
	EndGlobalSection
	GlobalSection(SolutionProperties) = preSolution
		HideSolutionNode = FALSE
	EndGlobalSection
	GlobalSection(ExtensibilityGlobals) = postSolution
		SolutionGuid = {1493AEE4-9211-46E9-BFE6-8F629EAC5693}
	EndGlobalSection
EndGlobal
